
Microsoft Visual Studio Solution File, Format Version 12.00
# Visual Studio Version 16
VisualStudioVersion = 16.0.32413.511
MinimumVisualStudioVersion = 10.0.40219.1
Project("{8BC9CEB8-8B4A-11D0-8D11-00A0C91BC942}") = "lab10", "lab10.vcxproj", "{EDD5EB49-417D-40CA-A5EA-3B3DCEFF5F02}"
EndProject
Global
	GlobalSection(SolutionConfigurationPlatforms) = preSolution
		Debug|x64 = Debug|x64
		Debug|x86 = Debug|x86
		Release|x64 = Release|x64
		Release|x86 = Release|x86
	EndGlobalSection
	GlobalSection(ProjectConfigurationPlatforms) = postSolution
		{EDD5EB49-417D-40CA-A5EA-3B3DCEFF5F02}.Debug|x64.ActiveCfg = Debug|x64
		{EDD5EB49-417D-40CA-A5EA-3B3DCEFF5F02}.Debug|x64.Build.0 = Debug|x64
		{EDD5EB49-417D-40CA-A5EA-3B3DCEFF5F02}.Debug|x86.ActiveCfg = Debug|Win32
		{EDD5EB49-417D-40CA-A5EA-3B3DCEFF5F02}.Debug|x86.Build.0 = Debug|Win32
		{EDD5EB49-417D-40CA-A5EA-3B3DCEFF5F02}.Release|x64.ActiveCfg = Release|x64
		{EDD5EB49-417D-40CA-A5EA-3B3DCEFF5F02}.Release|x64.Build.0 = Release|x64
		{EDD5EB49-417D-40CA-A5EA-3B3DCEFF5F02}.Release|x86.ActiveCfg = Release|Win32
		{EDD5EB49-417D-40CA-A5EA-3B3DCEFF5F02}.Release|x86.Build.0 = Release|Win32
	EndGlobalSection
	GlobalSection(SolutionProperties) = preSolution
		HideSolutionNode = FALSE
	EndGlobalSection
	GlobalSection(ExtensibilityGlobals) = postSolution
		SolutionGuid = {E4E954F6-D821-437D-B647-4448E2FC8521}
	EndGlobalSection
EndGlobal
